
Microsoft Visual Studio Solution File, Format Version 12.00
# Visual Studio 15
VisualStudioVersion = 15.0.28307.779
MinimumVisualStudioVersion = 10.0.40219.1
Project("{9A19103F-16F7-4668-BE54-9A1E7A4F7556}") = "Web", "Web\Web.csproj", "{FD88EEFC-FDCE-4F13-9D65-D6A807C3F563}"
EndProject
Project("{9A19103F-16F7-4668-BE54-9A1E7A4F7556}") = "Domain", "Domain\Domain.csproj", "{3B6BC449-EEC7-4873-B2AA-81629373479F}"
EndProject
Project("{9A19103F-16F7-4668-BE54-9A1E7A4F7556}") = "Repository", "Repository\Repository.csproj", "{BA9B1E58-0667-447A-8C2E-E77F0A0432D9}"
EndProject
Project("{FAE04EC0-301F-11D3-BF4B-00C04F79EFBC}") = "API", "API\API.csproj", "{D72A5856-99FB-420F-8363-24476D22679C}"
EndProject
Global
	GlobalSection(SolutionConfigurationPlatforms) = preSolution
		Debug|Any CPU = Debug|Any CPU
		Release|Any CPU = Release|Any CPU
	EndGlobalSection
	GlobalSection(ProjectConfigurationPlatforms) = postSolution
		{FD88EEFC-FDCE-4F13-9D65-D6A807C3F563}.Debug|Any CPU.ActiveCfg = Debug|Any CPU
		{FD88EEFC-FDCE-4F13-9D65-D6A807C3F563}.Debug|Any CPU.Build.0 = Debug|Any CPU
		{FD88EEFC-FDCE-4F13-9D65-D6A807C3F563}.Release|Any CPU.ActiveCfg = Release|Any CPU
		{FD88EEFC-FDCE-4F13-9D65-D6A807C3F563}.Release|Any CPU.Build.0 = Release|Any CPU
		{3B6BC449-EEC7-4873-B2AA-81629373479F}.Debug|Any CPU.ActiveCfg = Debug|Any CPU
		{3B6BC449-EEC7-4873-B2AA-81629373479F}.Debug|Any CPU.Build.0 = Debug|Any CPU
		{3B6BC449-EEC7-4873-B2AA-81629373479F}.Release|Any CPU.ActiveCfg = Release|Any CPU
		{3B6BC449-EEC7-4873-B2AA-81629373479F}.Release|Any CPU.Build.0 = Release|Any CPU
		{BA9B1E58-0667-447A-8C2E-E77F0A0432D9}.Debug|Any CPU.ActiveCfg = Debug|Any CPU
		{BA9B1E58-0667-447A-8C2E-E77F0A0432D9}.Debug|Any CPU.Build.0 = Debug|Any CPU
		{BA9B1E58-0667-447A-8C2E-E77F0A0432D9}.Release|Any CPU.ActiveCfg = Release|Any CPU
		{BA9B1E58-0667-447A-8C2E-E77F0A0432D9}.Release|Any CPU.Build.0 = Release|Any CPU
		{D72A5856-99FB-420F-8363-24476D22679C}.Debug|Any CPU.ActiveCfg = Debug|Any CPU
		{D72A5856-99FB-420F-8363-24476D22679C}.Debug|Any CPU.Build.0 = Debug|Any CPU
		{D72A5856-99FB-420F-8363-24476D22679C}.Release|Any CPU.ActiveCfg = Release|Any CPU
		{D72A5856-99FB-420F-8363-24476D22679C}.Release|Any CPU.Build.0 = Release|Any CPU
	EndGlobalSection
	GlobalSection(SolutionProperties) = preSolution
		HideSolutionNode = FALSE
	EndGlobalSection
	GlobalSection(ExtensibilityGlobals) = postSolution
		SolutionGuid = {ECBD2CC6-4ACD-4558-94D9-8E508AE49C09}
	EndGlobalSection
EndGlobal
